github.com/KCkingcollin/go-help-func/ghf v0.0.0-20241216103254-98e8826926ad h1:1uyXjulzdDL5xd9tvpUiHIxjlrMwI7IQooqN0RnBS5k=
github.com/KCkingcollin/go-help-func/ghf v0.0.0-20241216103254-98e8826926ad/go.mod h1:BskvqKwEJOOgAK5tsY8V1NOBcZ+rB+VcXIpjzwTFitM=
github.com/go-gl/gl v0.0.0-20231021071112-07e5d0ea2e71 h1:5BVwOaUSBTlVZowGO6VZGw2H/zl9nrd3eCZfYV+NfQA=
github.com/go-gl/gl v0.0.0-20231021071112-07e5d0ea2e71/go.mod h1:9YTyiznxEY1fVinfM7RvRcjRHbw2xLBJ3AAGIT0I4Nw=
